// !$*UTF8*$!
{
	archiveVersion = 1;
	classes = {
	};
	objectVersion = 55;
	objects = {

/* Begin PBXBuildFile section */
		088A9D401FCFAC3500544325 /* _build.m in Sources */ = {isa = PBXBuildFile; fileRef = 088A9D3F1FCFAC3500544325 /* _build.m */; };
		17CFA24C7C6EE69FEAAFD692 /* libPods-AQFoundationTests.a in Frameworks */ = {isa = PBXBuildFile; fileRef = D4205F9C7C0B71536FB0A3AB /* libPods-AQFoundationTests.a */; };
		2BD6197ACD60E205F17D4866 /* libPods-AQFoundation.a in Frameworks */ = {isa = PBXBuildFile; fileRef = E01EB0415D0A58A927633E03 /* libPods-AQFoundation.a */; };
		9A235C191D2A327B00CEF560 /* LockMain.m in Sources */ = {isa = PBXBuildFile; fileRef = 9A235C181D2A327B00CEF560 /* LockMain.m */; };
		9A235C1A1D2A3DD300CEF560 /* AQFoundation.framework in Frameworks */ = {isa = PBXBuildFile; fileRef = 9A297FBA1D1799E80054D1AB /* AQFoundation.framework */; };
		9A297FC21D179A1F0054D1AB /* AQFileCache.m in Sources */ = {isa = PBXBuildFile; fileRef = 9AAC0EE01D018DD7004CE032 /* AQFileCache.m */; };
		9A297FC31D179A1F0054D1AB /* AQMemCache.m in Sources */ = {isa = PBXBuildFile; fileRef = 9AAC0EE11D018DD7004CE032 /* AQMemCache.m */; };
		9A297FC41D179A1F0054D1AB /* AQUserDefaults.m in Sources */ = {isa = PBXBuildFile; fileRef = 9AAC0EE21D018DD7004CE032 /* AQUserDefaults.m */; };
		9A297FC51D179A1F0054D1AB /* AQMutableQueue.m in Sources */ = {isa = PBXBuildFile; fileRef = 9AAC0EE41D018DD7004CE032 /* AQMutableQueue.m */; };
		9A297FC61D179A1F0054D1AB /* AQMutableStack.m in Sources */ = {isa = PBXBuildFile; fileRef = 9AAC0EE51D018DD7004CE032 /* AQMutableStack.m */; };
		9A297FC71D179A1F0054D1AB /* AQMutableTree.m in Sources */ = {isa = PBXBuildFile; fileRef = 9AAC0EE61D018DD7004CE032 /* AQMutableTree.m */; };
		9A297FC81D179A1F0054D1AB /* AQSafeMutableArray.m in Sources */ = {isa = PBXBuildFile; fileRef = 9AAC0EE71D018DD7004CE032 /* AQSafeMutableArray.m */; };
		9A297FC91D179A1F0054D1AB /* AQSafeMutableDictionary.m in Sources */ = {isa = PBXBuildFile; fileRef = 9AAC0EE81D018DD7004CE032 /* AQSafeMutableDictionary.m */; };
		9A297FCA1D179A1F0054D1AB /* AQSafeMutableSet.m in Sources */ = {isa = PBXBuildFile; fileRef = 9AAC0EE91D018DD7004CE032 /* AQSafeMutableSet.m */; };
		9A297FCB1D179A1F0054D1AB /* AQBase64.m in Sources */ = {isa = PBXBuildFile; fileRef = 9AAC0EEB1D018DD7004CE032 /* AQBase64.m */; };
		9A297FCC1D179A1F0054D1AB /* AQBundle.m in Sources */ = {isa = PBXBuildFile; fileRef = 9AAC0EEC1D018DD7004CE032 /* AQBundle.m */; };
		9A297FCD1D179A1F0054D1AB /* AQClass.m in Sources */ = {isa = PBXBuildFile; fileRef = 9AAC0EED1D018DD7004CE032 /* AQClass.m */; };
		9A297FCE1D179A1F0054D1AB /* AQDate.m in Sources */ = {isa = PBXBuildFile; fileRef = 9AAC0EEE1D018DD7004CE032 /* AQDate.m */; };
		9A297FCF1D179A1F0054D1AB /* AQDevice.m in Sources */ = {isa = PBXBuildFile; fileRef = 9AAC0EEF1D018DD7004CE032 /* AQDevice.m */; };
		9A297FD01D179A1F0054D1AB /* AQExtension.m in Sources */ = {isa = PBXBuildFile; fileRef = 9AAC0EF11D018DD7004CE032 /* AQExtension.m */; };
		9A297FD11D179A1F0054D1AB /* AQJSON.m in Sources */ = {isa = PBXBuildFile; fileRef = 9AAC0EF21D018DD7004CE032 /* AQJSON.m */; };
		9A297FD21D179A1F0054D1AB /* AQNotification.m in Sources */ = {isa = PBXBuildFile; fileRef = 9AAC0EF41D018DD7004CE032 /* AQNotification.m */; };
		9A297FD31D179A1F0054D1AB /* AQNumber.m in Sources */ = {isa = PBXBuildFile; fileRef = 9AAC0EF51D018DD7004CE032 /* AQNumber.m */; };
		9A297FD41D179A1F0054D1AB /* AQObject.m in Sources */ = {isa = PBXBuildFile; fileRef = 9AAC0EF61D018DD7004CE032 /* AQObject.m */; };
		9A297FD51D179A1F0054D1AB /* AQOpQueue.m in Sources */ = {isa = PBXBuildFile; fileRef = 9AAC0EF71D018DD7004CE032 /* AQOpQueue.m */; };
		9A297FD61D179A1F0054D1AB /* AQRandom.m in Sources */ = {isa = PBXBuildFile; fileRef = 9AAC0EF81D018DD7004CE032 /* AQRandom.m */; };
		9A297FD71D179A1F0054D1AB /* AQRSA.m in Sources */ = {isa = PBXBuildFile; fileRef = 9AAC0EF91D018DD7004CE032 /* AQRSA.m */; };
		9A297FD81D179A1F0054D1AB /* AQSandbox.m in Sources */ = {isa = PBXBuildFile; fileRef = 9AAC0EFA1D018DD7004CE032 /* AQSandbox.m */; };
		9A297FD91D179A1F0054D1AB /* AQString.m in Sources */ = {isa = PBXBuildFile; fileRef = 9AAC0EFB1D018DD7004CE032 /* AQString.m */; };
		9A297FDA1D179A1F0054D1AB /* AQThread.m in Sources */ = {isa = PBXBuildFile; fileRef = 9AAC0EFC1D018DD7004CE032 /* AQThread.m */; };
		9A297FDB1D179A1F0054D1AB /* AQURL.m in Sources */ = {isa = PBXBuildFile; fileRef = 9AAC0EFD1D018DD7004CE032 /* AQURL.m */; };
		9A297FDC1D179A1F0054D1AB /* AQHttpClient.m in Sources */ = {isa = PBXBuildFile; fileRef = 9AAC0EFF1D018DD7004CE032 /* AQHttpClient.m */; };
		9A297FDD1D179A1F0054D1AB /* AQHttpUtil.m in Sources */ = {isa = PBXBuildFile; fileRef = 9AAC0F001D018DD7004CE032 /* AQHttpUtil.m */; };
		9A297FDE1D179A1F0054D1AB /* AQLogger.m in Sources */ = {isa = PBXBuildFile; fileRef = 9AAC0F021D018DD7004CE032 /* AQLogger.m */; };
		9A297FDF1D179A1F0054D1AB /* AQRTClass.m in Sources */ = {isa = PBXBuildFile; fileRef = 9AAC0F361D018DD7004CE032 /* AQRTClass.m */; };
		9A297FE01D179A1F0054D1AB /* AQRTIvar.m in Sources */ = {isa = PBXBuildFile; fileRef = 9AAC0F371D018DD7004CE032 /* AQRTIvar.m */; };
		9A297FE11D179A1F0054D1AB /* AQRTMethod.m in Sources */ = {isa = PBXBuildFile; fileRef = 9AAC0F381D018DD7004CE032 /* AQRTMethod.m */; };
		9A297FE21D179A1F0054D1AB /* AQRTProperty.m in Sources */ = {isa = PBXBuildFile; fileRef = 9AAC0F391D018DD7004CE032 /* AQRTProperty.m */; };
		9A297FE31D179A1F0054D1AB /* AQRTProtocol.m in Sources */ = {isa = PBXBuildFile; fileRef = 9AAC0F3A1D018DD7004CE032 /* AQRTProtocol.m */; };
		9A297FE41D179A1F0054D1AB /* AQRuntime.m in Sources */ = {isa = PBXBuildFile; fileRef = 9AAC0F3B1D018DD7004CE032 /* AQRuntime.m */; };
		9A297FE51D179A1F0054D1AB /* MBProgressHUD.m in Sources */ = {isa = PBXBuildFile; fileRef = 9AAC0F3E1D018DD7004CE032 /* MBProgressHUD.m */; };
		9A297FE61D179A1F0054D1AB /* Reachability.m in Sources */ = {isa = PBXBuildFile; fileRef = 9AAC0F401D018DD7004CE032 /* Reachability.m */; };
		9A297FE71D179A320054D1AB /* AQExtension.h in Headers */ = {isa = PBXBuildFile; fileRef = 9AAC0EF01D018DD7004CE032 /* AQExtension.h */; settings = {ATTRIBUTES = (Public, ); }; };
		9A297FE81D179A320054D1AB /* AQNotification.h in Headers */ = {isa = PBXBuildFile; fileRef = 9AAC0EF31D018DD7004CE032 /* AQNotification.h */; settings = {ATTRIBUTES = (Public, ); }; };
		9A297FE91D179A320054D1AB /* AQFoundation.h in Headers */ = {isa = PBXBuildFile; fileRef = 9AAC0F051D018DD7004CE032 /* AQFoundation.h */; settings = {ATTRIBUTES = (Public, ); }; };
		9A297FEA1D179A320054D1AB /* AQCache.h in Headers */ = {isa = PBXBuildFile; fileRef = 9AAC0F071D018DD7004CE032 /* AQCache.h */; settings = {ATTRIBUTES = (Public, ); }; };
		9A297FEB1D179A320054D1AB /* AQCacheProtocol.h in Headers */ = {isa = PBXBuildFile; fileRef = 9AAC0F081D018DD7004CE032 /* AQCacheProtocol.h */; settings = {ATTRIBUTES = (Public, ); }; };
		9A297FEC1D179A320054D1AB /* AQFileCache.h in Headers */ = {isa = PBXBuildFile; fileRef = 9AAC0F091D018DD7004CE032 /* AQFileCache.h */; settings = {ATTRIBUTES = (Public, ); }; };
		9A297FED1D179A320054D1AB /* AQMemCache.h in Headers */ = {isa = PBXBuildFile; fileRef = 9AAC0F0A1D018DD7004CE032 /* AQMemCache.h */; settings = {ATTRIBUTES = (Public, ); }; };
		9A297FEE1D179A320054D1AB /* AQUserDefaults.h in Headers */ = {isa = PBXBuildFile; fileRef = 9AAC0F0B1D018DD7004CE032 /* AQUserDefaults.h */; settings = {ATTRIBUTES = (Public, ); }; };
		9A297FEF1D179A320054D1AB /* AQMutableQueue.h in Headers */ = {isa = PBXBuildFile; fileRef = 9AAC0F0D1D018DD7004CE032 /* AQMutableQueue.h */; settings = {ATTRIBUTES = (Public, ); }; };
		9A297FF01D179A320054D1AB /* AQMutableStack.h in Headers */ = {isa = PBXBuildFile; fileRef = 9AAC0F0E1D018DD7004CE032 /* AQMutableStack.h */; settings = {ATTRIBUTES = (Public, ); }; };
		9A297FF11D179A320054D1AB /* AQMutableTree.h in Headers */ = {isa = PBXBuildFile; fileRef = 9AAC0F0F1D018DD7004CE032 /* AQMutableTree.h */; settings = {ATTRIBUTES = (Public, ); }; };
		9A297FF21D179A320054D1AB /* AQSafeMutableArray.h in Headers */ = {isa = PBXBuildFile; fileRef = 9AAC0F101D018DD7004CE032 /* AQSafeMutableArray.h */; settings = {ATTRIBUTES = (Public, ); }; };
		9A297FF31D179A320054D1AB /* AQSafeMutableDictionary.h in Headers */ = {isa = PBXBuildFile; fileRef = 9AAC0F111D018DD7004CE032 /* AQSafeMutableDictionary.h */; settings = {ATTRIBUTES = (Public, ); }; };
		9A297FF41D179A320054D1AB /* AQSafeMutableSet.h in Headers */ = {isa = PBXBuildFile; fileRef = 9AAC0F121D018DD7004CE032 /* AQSafeMutableSet.h */; settings = {ATTRIBUTES = (Public, ); }; };
		9A297FF51D179A320054D1AB /* AQBase64.h in Headers */ = {isa = PBXBuildFile; fileRef = 9AAC0F141D018DD7004CE032 /* AQBase64.h */; settings = {ATTRIBUTES = (Public, ); }; };
		9A297FF61D179A320054D1AB /* AQBundle.h in Headers */ = {isa = PBXBuildFile; fileRef = 9AAC0F151D018DD7004CE032 /* AQBundle.h */; settings = {ATTRIBUTES = (Public, ); }; };
		9A297FF71D179A320054D1AB /* AQClass.h in Headers */ = {isa = PBXBuildFile; fileRef = 9AAC0F161D018DD7004CE032 /* AQClass.h */; settings = {ATTRIBUTES = (Public, ); }; };
		9A297FF81D179A320054D1AB /* AQDate.h in Headers */ = {isa = PBXBuildFile; fileRef = 9AAC0F171D018DD7004CE032 /* AQDate.h */; settings = {ATTRIBUTES = (Public, ); }; };
		9A297FF91D179A320054D1AB /* AQDevice.h in Headers */ = {isa = PBXBuildFile; fileRef = 9AAC0F181D018DD7004CE032 /* AQDevice.h */; settings = {ATTRIBUTES = (Public, ); }; };
		9A297FFA1D179A320054D1AB /* AQJSON.h in Headers */ = {isa = PBXBuildFile; fileRef = 9AAC0F191D018DD7004CE032 /* AQJSON.h */; settings = {ATTRIBUTES = (Public, ); }; };
		9A297FFB1D179A320054D1AB /* AQNumber.h in Headers */ = {isa = PBXBuildFile; fileRef = 9AAC0F1A1D018DD7004CE032 /* AQNumber.h */; settings = {ATTRIBUTES = (Public, ); }; };
		9A297FFC1D179A320054D1AB /* AQObject.h in Headers */ = {isa = PBXBuildFile; fileRef = 9AAC0F1B1D018DD7004CE032 /* AQObject.h */; settings = {ATTRIBUTES = (Public, ); }; };
		9A297FFD1D179A320054D1AB /* AQOperationQueue.h in Headers */ = {isa = PBXBuildFile; fileRef = 9AAC0F1C1D018DD7004CE032 /* AQOperationQueue.h */; settings = {ATTRIBUTES = (Public, ); }; };
		9A297FFF1D179A320054D1AB /* AQRandom.h in Headers */ = {isa = PBXBuildFile; fileRef = 9AAC0F1E1D018DD7004CE032 /* AQRandom.h */; settings = {ATTRIBUTES = (Public, ); }; };
		9A2980001D179A320054D1AB /* AQRSA.h in Headers */ = {isa = PBXBuildFile; fileRef = 9AAC0F1F1D018DD7004CE032 /* AQRSA.h */; settings = {ATTRIBUTES = (Public, ); }; };
		9A2980011D179A320054D1AB /* AQSandbox.h in Headers */ = {isa = PBXBuildFile; fileRef = 9AAC0F201D018DD7004CE032 /* AQSandbox.h */; settings = {ATTRIBUTES = (Public, ); }; };
		9A2980021D179A320054D1AB /* AQSingleton.h in Headers */ = {isa = PBXBuildFile; fileRef = 9AAC0F211D018DD7004CE032 /* AQSingleton.h */; settings = {ATTRIBUTES = (Public, ); }; };
		9A2980031D179A320054D1AB /* AQString.h in Headers */ = {isa = PBXBuildFile; fileRef = 9AAC0F221D018DD7004CE032 /* AQString.h */; settings = {ATTRIBUTES = (Public, ); }; };
		9A2980041D179A320054D1AB /* AQThread.h in Headers */ = {isa = PBXBuildFile; fileRef = 9AAC0F231D018DD7004CE032 /* AQThread.h */; settings = {ATTRIBUTES = (Public, ); }; };
		9A2980051D179A320054D1AB /* AQURL.h in Headers */ = {isa = PBXBuildFile; fileRef = 9AAC0F241D018DD7004CE032 /* AQURL.h */; settings = {ATTRIBUTES = (Public, ); }; };
		9A2980061D179A320054D1AB /* AQHttpClient.h in Headers */ = {isa = PBXBuildFile; fileRef = 9AAC0F261D018DD7004CE032 /* AQHttpClient.h */; settings = {ATTRIBUTES = (Public, ); }; };
		9A2980071D179A320054D1AB /* AQHttpUtil.h in Headers */ = {isa = PBXBuildFile; fileRef = 9AAC0F271D018DD7004CE032 /* AQHttpUtil.h */; settings = {ATTRIBUTES = (Public, ); }; };
		9A2980081D179A320054D1AB /* AQCompile.h in Headers */ = {isa = PBXBuildFile; fileRef = 9AAC0F291D018DD7004CE032 /* AQCompile.h */; settings = {ATTRIBUTES = (Public, ); }; };
		9A2980091D179A320054D1AB /* AQLogger.h in Headers */ = {isa = PBXBuildFile; fileRef = 9AAC0F2A1D018DD7004CE032 /* AQLogger.h */; settings = {ATTRIBUTES = (Public, ); }; };
		9A29800A1D179A320054D1AB /* AQRTClass.h in Headers */ = {isa = PBXBuildFile; fileRef = 9AAC0F2C1D018DD7004CE032 /* AQRTClass.h */; settings = {ATTRIBUTES = (Public, ); }; };
		9A29800B1D179A320054D1AB /* AQRTIvar.h in Headers */ = {isa = PBXBuildFile; fileRef = 9AAC0F2D1D018DD7004CE032 /* AQRTIvar.h */; settings = {ATTRIBUTES = (Public, ); }; };
		9A29800C1D179A320054D1AB /* AQRTMethod.h in Headers */ = {isa = PBXBuildFile; fileRef = 9AAC0F2E1D018DD7004CE032 /* AQRTMethod.h */; settings = {ATTRIBUTES = (Public, ); }; };
		9A29800D1D179A320054D1AB /* AQRTProperty.h in Headers */ = {isa = PBXBuildFile; fileRef = 9AAC0F2F1D018DD7004CE032 /* AQRTProperty.h */; settings = {ATTRIBUTES = (Public, ); }; };
		9A29800E1D179A320054D1AB /* AQRTProtocol.h in Headers */ = {isa = PBXBuildFile; fileRef = 9AAC0F301D018DD7004CE032 /* AQRTProtocol.h */; settings = {ATTRIBUTES = (Public, ); }; };
		9A29800F1D179A320054D1AB /* AQRuntime.h in Headers */ = {isa = PBXBuildFile; fileRef = 9AAC0F311D018DD7004CE032 /* AQRuntime.h */; settings = {ATTRIBUTES = (Public, ); }; };
		9A2980101D179A320054D1AB /* MBProgressHUD.h in Headers */ = {isa = PBXBuildFile; fileRef = 9AAC0F331D018DD7004CE032 /* MBProgressHUD.h */; };
		9A2980111D179A320054D1AB /* Reachability.h in Headers */ = {isa = PBXBuildFile; fileRef = 9AAC0F341D018DD7004CE032 /* Reachability.h */; };
		9A2980191D179A9E0054D1AB /* AQFoundationTests.m in Sources */ = {isa = PBXBuildFile; fileRef = 9A2980181D179A9E0054D1AB /* AQFoundationTests.m */; };
		9A3402891D3729CB00D38461 /* NSThreadTests.m in Sources */ = {isa = PBXBuildFile; fileRef = 9A3402881D3729CB00D38461 /* NSThreadTests.m */; };
		9A44C1C61D2DFDEA001A8D88 /* AQFoundation.bundle in Resources */ = {isa = PBXBuildFile; fileRef = 9A44C1C51D2DFDEA001A8D88 /* AQFoundation.bundle */; };
/* End PBXBuildFile section */

/* Begin PBXContainerItemProxy section */
		9A29801C1D179A9E0054D1AB /* PBXContainerItemProxy */ = {
			isa = PBXContainerItemProxy;
			containerPortal = 9A2FF1181BDA1AF700A95C25 /* Project object */;
			proxyType = 1;
			remoteGlobalIDString = 9A297FB91D1799E80054D1AB;
			remoteInfo = AQFoundation;
		};
/* End PBXContainerItemProxy section */

/* Begin PBXCopyFilesBuildPhase section */
		9A2981141D17FEF30054D1AB /* CopyFiles */ = {
			isa = PBXCopyFilesBuildPhase;
			buildActionMask = 2147483647;
			dstPath = "include/$(PRODUCT_NAME)";
			dstSubfolderSpec = 16;
			files = (
			);
			runOnlyForDeploymentPostprocessing = 0;
		};
/* End PBXCopyFilesBuildPhase section */

/* Begin PBXFileReference section */
		088A9D3E1FCFAC3500544325 /* _build.h */ = {isa = PBXFileReference; fileEncoding = 4; lastKnownFileType = sourcecode.c.h; path = _build.h; sourceTree = "<group>"; };
		088A9D3F1FCFAC3500544325 /* _build.m */ = {isa = PBXFileReference; fileEncoding = 4; lastKnownFileType = sourcecode.c.objc; path = _build.m; sourceTree = "<group>"; };
		72CB975379A104EB89C4D231 /* Pods-AQFoundationTests.release.xcconfig */ = {isa = PBXFileReference; includeInIndex = 1; lastKnownFileType = text.xcconfig; name = "Pods-AQFoundationTests.release.xcconfig"; path = "Pods/Target Support Files/Pods-AQFoundationTests/Pods-AQFoundationTests.release.xcconfig"; sourceTree = "<group>"; };
		7E01C9B59602AD599E51CD01 /* Pods-AQFoundation.debug.xcconfig */ = {isa = PBXFileReference; includeInIndex = 1; lastKnownFileType = text.xcconfig; name = "Pods-AQFoundation.debug.xcconfig"; path = "Pods/Target Support Files/Pods-AQFoundation/Pods-AQFoundation.debug.xcconfig"; sourceTree = "<group>"; };
		9A235C181D2A327B00CEF560 /* LockMain.m */ = {isa = PBXFileReference; fileEncoding = 4; lastKnownFileType = sourcecode.c.objc; path = LockMain.m; sourceTree = "<group>"; };
		9A297FBA1D1799E80054D1AB /* AQFoundation.framework */ = {isa = PBXFileReference; explicitFileType = wrapper.framework; includeInIndex = 0; path = AQFoundation.framework; sourceTree = BUILT_PRODUCTS_DIR; };
		9A2980161D179A9E0054D1AB /* AQFoundationTests.xctest */ = {isa = PBXFileReference; explicitFileType = wrapper.cfbundle; includeInIndex = 0; path = AQFoundationTests.xctest; sourceTree = BUILT_PRODUCTS_DIR; };
		9A2980181D179A9E0054D1AB /* AQFoundationTests.m */ = {isa = PBXFileReference; lastKnownFileType = sourcecode.c.objc; path = AQFoundationTests.m; sourceTree = "<group>"; };
		9A29801A1D179A9E0054D1AB /* Info.plist */ = {isa = PBXFileReference; lastKnownFileType = text.plist.xml; path = Info.plist; sourceTree = "<group>"; };
		9A2980231D179EBC0054D1AB /* Info.plist */ = {isa = PBXFileReference; fileEncoding = 4; lastKnownFileType = text.plist.xml; path = Info.plist; sourceTree = "<group>"; };
		9A29810E1D17FEC90054D1AB /* Info.plist */ = {isa = PBXFileReference; lastKnownFileType = text.plist.xml; path = Info.plist; sourceTree = "<group>"; };
		9A2981161D17FEF30054D1AB /* lib_build.a */ = {isa = PBXFileReference; explicitFileType = archive.ar; includeInIndex = 0; path = lib_build.a; sourceTree = BUILT_PRODUCTS_DIR; };
		9A3402881D3729CB00D38461 /* NSThreadTests.m */ = {isa = PBXFileReference; fileEncoding = 4; lastKnownFileType = sourcecode.c.objc; path = NSThreadTests.m; sourceTree = "<group>"; };
		9A44C1C51D2DFDEA001A8D88 /* AQFoundation.bundle */ = {isa = PBXFileReference; lastKnownFileType = "wrapper.plug-in"; path = AQFoundation.bundle; sourceTree = "<group>"; };
		9AAC0EE01D018DD7004CE032 /* AQFileCache.m */ = {isa = PBXFileReference; fileEncoding = 4; lastKnownFileType = sourcecode.c.objc; path = AQFileCache.m; sourceTree = "<group>"; };
		9AAC0EE11D018DD7004CE032 /* AQMemCache.m */ = {isa = PBXFileReference; fileEncoding = 4; lastKnownFileType = sourcecode.c.objc; path = AQMemCache.m; sourceTree = "<group>"; };
		9AAC0EE21D018DD7004CE032 /* AQUserDefaults.m */ = {isa = PBXFileReference; fileEncoding = 4; lastKnownFileType = sourcecode.c.objc; path = AQUserDefaults.m; sourceTree = "<group>"; };
		9AAC0EE41D018DD7004CE032 /* AQMutableQueue.m */ = {isa = PBXFileReference; fileEncoding = 4; lastKnownFileType = sourcecode.c.objc; path = AQMutableQueue.m; sourceTree = "<group>"; };
		9AAC0EE51D018DD7004CE032 /* AQMutableStack.m */ = {isa = PBXFileReference; fileEncoding = 4; lastKnownFileType = sourcecode.c.objc; path = AQMutableStack.m; sourceTree = "<group>"; };
		9AAC0EE61D018DD7004CE032 /* AQMutableTree.m */ = {isa = PBXFileReference; fileEncoding = 4; lastKnownFileType = sourcecode.c.objc; path = AQMutableTree.m; sourceTree = "<group>"; };
		9AAC0EE71D018DD7004CE032 /* AQSafeMutableArray.m */ = {isa = PBXFileReference; fileEncoding = 4; lastKnownFileType = sourcecode.c.objc; path = AQSafeMutableArray.m; sourceTree = "<group>"; };
		9AAC0EE81D018DD7004CE032 /* AQSafeMutableDictionary.m */ = {isa = PBXFileReference; fileEncoding = 4; lastKnownFileType = sourcecode.c.objc; path = AQSafeMutableDictionary.m; sourceTree = "<group>"; };
		9AAC0EE91D018DD7004CE032 /* AQSafeMutableSet.m */ = {isa = PBXFileReference; fileEncoding = 4; lastKnownFileType = sourcecode.c.objc; path = AQSafeMutableSet.m; sourceTree = "<group>"; };
		9AAC0EEB1D018DD7004CE032 /* AQBase64.m */ = {isa = PBXFileReference; fileEncoding = 4; lastKnownFileType = sourcecode.c.objc; path = AQBase64.m; sourceTree = "<group>"; };
		9AAC0EEC1D018DD7004CE032 /* AQBundle.m */ = {isa = PBXFileReference; fileEncoding = 4; lastKnownFileType = sourcecode.c.objc; path = AQBundle.m; sourceTree = "<group>"; };
		9AAC0EED1D018DD7004CE032 /* AQClass.m */ = {isa = PBXFileReference; fileEncoding = 4; lastKnownFileType = sourcecode.c.objc; path = AQClass.m; sourceTree = "<group>"; };
		9AAC0EEE1D018DD7004CE032 /* AQDate.m */ = {isa = PBXFileReference; fileEncoding = 4; lastKnownFileType = sourcecode.c.objc; path = AQDate.m; sourceTree = "<group>"; };
		9AAC0EEF1D018DD7004CE032 /* AQDevice.m */ = {isa = PBXFileReference; fileEncoding = 4; lastKnownFileType = sourcecode.c.objc; path = AQDevice.m; sourceTree = "<group>"; };
		9AAC0EF01D018DD7004CE032 /* AQExtension.h */ = {isa = PBXFileReference; fileEncoding = 4; lastKnownFileType = sourcecode.c.h; path = AQExtension.h; sourceTree = "<group>"; };
		9AAC0EF11D018DD7004CE032 /* AQExtension.m */ = {isa = PBXFileReference; fileEncoding = 4; lastKnownFileType = sourcecode.c.objc; path = AQExtension.m; sourceTree = "<group>"; };
		9AAC0EF21D018DD7004CE032 /* AQJSON.m */ = {isa = PBXFileReference; fileEncoding = 4; lastKnownFileType = sourcecode.c.objc; path = AQJSON.m; sourceTree = "<group>"; };
		9AAC0EF31D018DD7004CE032 /* AQNotification.h */ = {isa = PBXFileReference; fileEncoding = 4; lastKnownFileType = sourcecode.c.h; path = AQNotification.h; sourceTree = "<group>"; };
		9AAC0EF41D018DD7004CE032 /* AQNotification.m */ = {isa = PBXFileReference; fileEncoding = 4; lastKnownFileType = sourcecode.c.objc; path = AQNotification.m; sourceTree = "<group>"; };
		9AAC0EF51D018DD7004CE032 /* AQNumber.m */ = {isa = PBXFileReference; fileEncoding = 4; lastKnownFileType = sourcecode.c.objc; path = AQNumber.m; sourceTree = "<group>"; };
		9AAC0EF61D018DD7004CE032 /* AQObject.m */ = {isa = PBXFileReference; fileEncoding = 4; lastKnownFileType = sourcecode.c.objc; path = AQObject.m; sourceTree = "<group>"; };
		9AAC0EF71D018DD7004CE032 /* AQOpQueue.m */ = {isa = PBXFileReference; fileEncoding = 4; lastKnownFileType = sourcecode.c.objc; path = AQOpQueue.m; sourceTree = "<group>"; };
		9AAC0EF81D018DD7004CE032 /* AQRandom.m */ = {isa = PBXFileReference; fileEncoding = 4; lastKnownFileType = sourcecode.c.objc; path = AQRandom.m; sourceTree = "<group>"; };
		9AAC0EF91D018DD7004CE032 /* AQRSA.m */ = {isa = PBXFileReference; fileEncoding = 4; lastKnownFileType = sourcecode.c.objc; path = AQRSA.m; sourceTree = "<group>"; };
		9AAC0EFA1D018DD7004CE032 /* AQSandbox.m */ = {isa = PBXFileReference; fileEncoding = 4; lastKnownFileType = sourcecode.c.objc; path = AQSandbox.m; sourceTree = "<group>"; };
		9AAC0EFB1D018DD7004CE032 /* AQString.m */ = {isa = PBXFileReference; fileEncoding = 4; lastKnownFileType = sourcecode.c.objc; path = AQString.m; sourceTree = "<group>"; };
		9AAC0EFC1D018DD7004CE032 /* AQThread.m */ = {isa = PBXFileReference; fileEncoding = 4; lastKnownFileType = sourcecode.c.objc; path = AQThread.m; sourceTree = "<group>"; };
		9AAC0EFD1D018DD7004CE032 /* AQURL.m */ = {isa = PBXFileReference; fileEncoding = 4; lastKnownFileType = sourcecode.c.objc; path = AQURL.m; sourceTree = "<group>"; };
		9AAC0EFF1D018DD7004CE032 /* AQHttpClient.m */ = {isa = PBXFileReference; fileEncoding = 4; lastKnownFileType = sourcecode.c.objc; path = AQHttpClient.m; sourceTree = "<group>"; };
		9AAC0F001D018DD7004CE032 /* AQHttpUtil.m */ = {isa = PBXFileReference; fileEncoding = 4; lastKnownFileType = sourcecode.c.objc; path = AQHttpUtil.m; sourceTree = "<group>"; };
		9AAC0F021D018DD7004CE032 /* AQLogger.m */ = {isa = PBXFileReference; fileEncoding = 4; lastKnownFileType = sourcecode.c.objc; path = AQLogger.m; sourceTree = "<group>"; };
		9AAC0F051D018DD7004CE032 /* AQFoundation.h */ = {isa = PBXFileReference; fileEncoding = 4; lastKnownFileType = sourcecode.c.h; path = AQFoundation.h; sourceTree = "<group>"; };
		9AAC0F071D018DD7004CE032 /* AQCache.h */ = {isa = PBXFileReference; fileEncoding = 4; lastKnownFileType = sourcecode.c.h; path = AQCache.h; sourceTree = "<group>"; };
		9AAC0F081D018DD7004CE032 /* AQCacheProtocol.h */ = {isa = PBXFileReference; fileEncoding = 4; lastKnownFileType = sourcecode.c.h; path = AQCacheProtocol.h; sourceTree = "<group>"; };
		9AAC0F091D018DD7004CE032 /* AQFileCache.h */ = {isa = PBXFileReference; fileEncoding = 4; lastKnownFileType = sourcecode.c.h; path = AQFileCache.h; sourceTree = "<group>"; };
		9AAC0F0A1D018DD7004CE032 /* AQMemCache.h */ = {isa = PBXFileReference; fileEncoding = 4; lastKnownFileType = sourcecode.c.h; path = AQMemCache.h; sourceTree = "<group>"; };
		9AAC0F0B1D018DD7004CE032 /* AQUserDefaults.h */ = {isa = PBXFileReference; fileEncoding = 4; lastKnownFileType = sourcecode.c.h; path = AQUserDefaults.h; sourceTree = "<group>"; };
		9AAC0F0D1D018DD7004CE032 /* AQMutableQueue.h */ = {isa = PBXFileReference; fileEncoding = 4; lastKnownFileType = sourcecode.c.h; path = AQMutableQueue.h; sourceTree = "<group>"; };
		9AAC0F0E1D018DD7004CE032 /* AQMutableStack.h */ = {isa = PBXFileReference; fileEncoding = 4; lastKnownFileType = sourcecode.c.h; path = AQMutableStack.h; sourceTree = "<group>"; };
		9AAC0F0F1D018DD7004CE032 /* AQMutableTree.h */ = {isa = PBXFileReference; fileEncoding = 4; lastKnownFileType = sourcecode.c.h; path = AQMutableTree.h; sourceTree = "<group>"; };
		9AAC0F101D018DD7004CE032 /* AQSafeMutableArray.h */ = {isa = PBXFileReference; fileEncoding = 4; lastKnownFileType = sourcecode.c.h; path = AQSafeMutableArray.h; sourceTree = "<group>"; };
		9AAC0F111D018DD7004CE032 /* AQSafeMutableDictionary.h */ = {isa = PBXFileReference; fileEncoding = 4; lastKnownFileType = sourcecode.c.h; path = AQSafeMutableDictionary.h; sourceTree = "<group>"; };
		9AAC0F121D018DD7004CE032 /* AQSafeMutableSet.h */ = {isa = PBXFileReference; fileEncoding = 4; lastKnownFileType = sourcecode.c.h; path = AQSafeMutableSet.h; sourceTree = "<group>"; };
		9AAC0F141D018DD7004CE032 /* AQBase64.h */ = {isa = PBXFileReference; fileEncoding = 4; lastKnownFileType = sourcecode.c.h; path = AQBase64.h; sourceTree = "<group>"; };
		9AAC0F151D018DD7004CE032 /* AQBundle.h */ = {isa = PBXFileReference; fileEncoding = 4; lastKnownFileType = sourcecode.c.h; path = AQBundle.h; sourceTree = "<group>"; };
		9AAC0F161D018DD7004CE032 /* AQClass.h */ = {isa = PBXFileReference; fileEncoding = 4; lastKnownFileType = sourcecode.c.h; path = AQClass.h; sourceTree = "<group>"; };
		9AAC0F171D018DD7004CE032 /* AQDate.h */ = {isa = PBXFileReference; fileEncoding = 4; lastKnownFileType = sourcecode.c.h; path = AQDate.h; sourceTree = "<group>"; };
		9AAC0F181D018DD7004CE032 /* AQDevice.h */ = {isa = PBXFileReference; fileEncoding = 4; lastKnownFileType = sourcecode.c.h; path = AQDevice.h; sourceTree = "<group>"; };
		9AAC0F191D018DD7004CE032 /* AQJSON.h */ = {isa = PBXFileReference; fileEncoding = 4; lastKnownFileType = sourcecode.c.h; path = AQJSON.h; sourceTree = "<group>"; };
		9AAC0F1A1D018DD7004CE032 /* AQNumber.h */ = {isa = PBXFileReference; fileEncoding = 4; lastKnownFileType = sourcecode.c.h; path = AQNumber.h; sourceTree = "<group>"; };
		9AAC0F1B1D018DD7004CE032 /* AQObject.h */ = {isa = PBXFileReference; fileEncoding = 4; lastKnownFileType = sourcecode.c.h; path = AQObject.h; sourceTree = "<group>"; };
		9AAC0F1C1D018DD7004CE032 /* AQOperationQueue.h */ = {isa = PBXFileReference; fileEncoding = 4; lastKnownFileType = sourcecode.c.h; path = AQOperationQueue.h; sourceTree = "<group>"; };
		9AAC0F1E1D018DD7004CE032 /* AQRandom.h */ = {isa = PBXFileReference; fileEncoding = 4; lastKnownFileType = sourcecode.c.h; path = AQRandom.h; sourceTree = "<group>"; };
		9AAC0F1F1D018DD7004CE032 /* AQRSA.h */ = {isa = PBXFileReference; fileEncoding = 4; lastKnownFileType = sourcecode.c.h; path = AQRSA.h; sourceTree = "<group>"; };
		9AAC0F201D018DD7004CE032 /* AQSandbox.h */ = {isa = PBXFileReference; fileEncoding = 4; lastKnownFileType = sourcecode.c.h; path = AQSandbox.h; sourceTree = "<group>"; };
		9AAC0F211D018DD7004CE032 /* AQSingleton.h */ = {isa = PBXFileReference; fileEncoding = 4; lastKnownFileType = sourcecode.c.h; path = AQSingleton.h; sourceTree = "<group>"; };
		9AAC0F221D018DD7004CE032 /* AQString.h */ = {isa = PBXFileReference; fileEncoding = 4; lastKnownFileType = sourcecode.c.h; path = AQString.h; sourceTree = "<group>"; };
		9AAC0F231D018DD7004CE032 /* AQThread.h */ = {isa = PBXFileReference; fileEncoding = 4; lastKnownFileType = sourcecode.c.h; path = AQThread.h; sourceTree = "<group>"; };
		9AAC0F241D018DD7004CE032 /* AQURL.h */ = {isa = PBXFileReference; fileEncoding = 4; lastKnownFileType = sourcecode.c.h; path = AQURL.h; sourceTree = "<group>"; };
		9AAC0F261D018DD7004CE032 /* AQHttpClient.h */ = {isa = PBXFileReference; fileEncoding = 4; lastKnownFileType = sourcecode.c.h; path = AQHttpClient.h; sourceTree = "<group>"; };
		9AAC0F271D018DD7004CE032 /* AQHttpUtil.h */ = {isa = PBXFileReference; fileEncoding = 4; lastKnownFileType = sourcecode.c.h; path = AQHttpUtil.h; sourceTree = "<group>"; };
		9AAC0F291D018DD7004CE032 /* AQCompile.h */ = {isa = PBXFileReference; fileEncoding = 4; lastKnownFileType = sourcecode.c.h; path = AQCompile.h; sourceTree = "<group>"; };
		9AAC0F2A1D018DD7004CE032 /* AQLogger.h */ = {isa = PBXFileReference; fileEncoding = 4; lastKnownFileType = sourcecode.c.h; path = AQLogger.h; sourceTree = "<group>"; };
		9AAC0F2C1D018DD7004CE032 /* AQRTClass.h */ = {isa = PBXFileReference; fileEncoding = 4; lastKnownFileType = sourcecode.c.h; path = AQRTClass.h; sourceTree = "<group>"; };
		9AAC0F2D1D018DD7004CE032 /* AQRTIvar.h */ = {isa = PBXFileReference; fileEncoding = 4; lastKnownFileType = sourcecode.c.h; path = AQRTIvar.h; sourceTree = "<group>"; };
		9AAC0F2E1D018DD7004CE032 /* AQRTMethod.h */ = {isa = PBXFileReference; fileEncoding = 4; lastKnownFileType = sourcecode.c.h; path = AQRTMethod.h; sourceTree = "<group>"; };
		9AAC0F2F1D018DD7004CE032 /* AQRTProperty.h */ = {isa = PBXFileReference; fileEncoding = 4; lastKnownFileType = sourcecode.c.h; path = AQRTProperty.h; sourceTree = "<group>"; };
		9AAC0F301D018DD7004CE032 /* AQRTProtocol.h */ = {isa = PBXFileReference; fileEncoding = 4; lastKnownFileType = sourcecode.c.h; path = AQRTProtocol.h; sourceTree = "<group>"; };
		9AAC0F311D018DD7004CE032 /* AQRuntime.h */ = {isa = PBXFileReference; fileEncoding = 4; lastKnownFileType = sourcecode.c.h; path = AQRuntime.h; sourceTree = "<group>"; };
		9AAC0F331D018DD7004CE032 /* MBProgressHUD.h */ = {isa = PBXFileReference; fileEncoding = 4; lastKnownFileType = sourcecode.c.h; path = MBProgressHUD.h; sourceTree = "<group>"; };
		9AAC0F341D018DD7004CE032 /* Reachability.h */ = {isa = PBXFileReference; fileEncoding = 4; lastKnownFileType = sourcecode.c.h; path = Reachability.h; sourceTree = "<group>"; };
		9AAC0F361D018DD7004CE032 /* AQRTClass.m */ = {isa = PBXFileReference; fileEncoding = 4; lastKnownFileType = sourcecode.c.objc; path = AQRTClass.m; sourceTree = "<group>"; };
		9AAC0F371D018DD7004CE032 /* AQRTIvar.m */ = {isa = PBXFileReference; fileEncoding = 4; lastKnownFileType = sourcecode.c.objc; path = AQRTIvar.m; sourceTree = "<group>"; };
		9AAC0F381D018DD7004CE032 /* AQRTMethod.m */ = {isa = PBXFileReference; fileEncoding = 4; lastKnownFileType = sourcecode.c.objc; path = AQRTMethod.m; sourceTree = "<group>"; };
		9AAC0F391D018DD7004CE032 /* AQRTProperty.m */ = {isa = PBXFileReference; fileEncoding = 4; lastKnownFileType = sourcecode.c.objc; path = AQRTProperty.m; sourceTree = "<group>"; };
		9AAC0F3A1D018DD7004CE032 /* AQRTProtocol.m */ = {isa = PBXFileReference; fileEncoding = 4; lastKnownFileType = sourcecode.c.objc; path = AQRTProtocol.m; sourceTree = "<group>"; };
		9AAC0F3B1D018DD7004CE032 /* AQRuntime.m */ = {isa = PBXFileReference; fileEncoding = 4; lastKnownFileType = sourcecode.c.objc; path = AQRuntime.m; sourceTree = "<group>"; };
		9AAC0F3E1D018DD7004CE032 /* MBProgressHUD.m */ = {isa = PBXFileReference; fileEncoding = 4; lastKnownFileType = sourcecode.c.objc; path = MBProgressHUD.m; sourceTree = "<group>"; };
		9AAC0F401D018DD7004CE032 /* Reachability.m */ = {isa = PBXFileReference; fileEncoding = 4; lastKnownFileType = sourcecode.c.objc; path = Reachability.m; sourceTree = "<group>"; };
		D4205F9C7C0B71536FB0A3AB /* libPods-AQFoundationTests.a */ = {isa = PBXFileReference; explicitFileType = archive.ar; includeInIndex = 0; path = "libPods-AQFoundationTests.a"; sourceTree = BUILT_PRODUCTS_DIR; };
		E01EB0415D0A58A927633E03 /* libPods-AQFoundation.a */ = {isa = PBXFileReference; explicitFileType = archive.ar; includeInIndex = 0; path = "libPods-AQFoundation.a"; sourceTree = BUILT_PRODUCTS_DIR; };
		F6239157CAA9B728F2A05F03 /* Pods-AQFoundation.release.xcconfig */ = {isa = PBXFileReference; includeInIndex = 1; lastKnownFileType = text.xcconfig; name = "Pods-AQFoundation.release.xcconfig"; path = "Pods/Target Support Files/Pods-AQFoundation/Pods-AQFoundation.release.xcconfig"; sourceTree = "<group>"; };
		FD8245B3C7AAC8F7C990EDEC /* Pods-AQFoundationTests.debug.xcconfig */ = {isa = PBXFileReference; includeInIndex = 1; lastKnownFileType = text.xcconfig; name = "Pods-AQFoundationTests.debug.xcconfig"; path = "Pods/Target Support Files/Pods-AQFoundationTests/Pods-AQFoundationTests.debug.xcconfig"; sourceTree = "<group>"; };
/* End PBXFileReference section */

/* Begin PBXFrameworksBuildPhase section */
		9A297FB61D1799E80054D1AB /* Frameworks */ = {
			isa = PBXFrameworksBuildPhase;
			buildActionMask = 2147483647;
			files = (
				2BD6197ACD60E205F17D4866 /* libPods-AQFoundation.a in Frameworks */,
			);
			runOnlyForDeploymentPostprocessing = 0;
		};
		9A2980131D179A9E0054D1AB /* Frameworks */ = {
			isa = PBXFrameworksBuildPhase;
			buildActionMask = 2147483647;
			files = (
				9A235C1A1D2A3DD300CEF560 /* AQFoundation.framework in Frameworks */,
				17CFA24C7C6EE69FEAAFD692 /* libPods-AQFoundationTests.a in Frameworks */,
			);
			runOnlyForDeploymentPostprocessing = 0;
		};
		9A2981131D17FEF30054D1AB /* Frameworks */ = {
			isa = PBXFrameworksBuildPhase;
			buildActionMask = 2147483647;
			files = (
			);
			runOnlyForDeploymentPostprocessing = 0;
		};
/* End PBXFrameworksBuildPhase section */

/* Begin PBXGroup section */
		3935BD20D8338AF9BC2AE6A0 /* Pods */ = {
			isa = PBXGroup;
			children = (
				7E01C9B59602AD599E51CD01 /* Pods-AQFoundation.debug.xcconfig */,
				F6239157CAA9B728F2A05F03 /* Pods-AQFoundation.release.xcconfig */,
				FD8245B3C7AAC8F7C990EDEC /* Pods-AQFoundationTests.debug.xcconfig */,
				72CB975379A104EB89C4D231 /* Pods-AQFoundationTests.release.xcconfig */,
			);
			name = Pods;
			sourceTree = "<group>";
		};
		92D710571EBF626B879E45E0 /* Frameworks */ = {
			isa = PBXGroup;
			children = (
				E01EB0415D0A58A927633E03 /* libPods-AQFoundation.a */,
				D4205F9C7C0B71536FB0A3AB /* libPods-AQFoundationTests.a */,
			);
			name = Frameworks;
			sourceTree = "<group>";
		};
		9A2980171D179A9E0054D1AB /* AQFoundationTests */ = {
			isa = PBXGroup;
			children = (
				9A2980181D179A9E0054D1AB /* AQFoundationTests.m */,
				9A29801A1D179A9E0054D1AB /* Info.plist */,
				9A235C181D2A327B00CEF560 /* LockMain.m */,
				9A3402881D3729CB00D38461 /* NSThreadTests.m */,
			);
			path = AQFoundationTests;
			sourceTree = "<group>";
		};
		9A29810B1D17FEC90054D1AB /* _build */ = {
			isa = PBXGroup;
			children = (
				088A9D3E1FCFAC3500544325 /* _build.h */,
				088A9D3F1FCFAC3500544325 /* _build.m */,
				9A29810E1D17FEC90054D1AB /* Info.plist */,
			);
			path = _build;
			sourceTree = "<group>";
		};
		9A2FF1171BDA1AF700A95C25 = {
			isa = PBXGroup;
			children = (
				9AAC0EDB1D018DD7004CE032 /* AQFoundation */,
				9A2980171D179A9E0054D1AB /* AQFoundationTests */,
				9A29810B1D17FEC90054D1AB /* _build */,
				9A2FF1221BDA1AF700A95C25 /* Products */,
				3935BD20D8338AF9BC2AE6A0 /* Pods */,
				92D710571EBF626B879E45E0 /* Frameworks */,
			);
			sourceTree = "<group>";
		};
		9A2FF1221BDA1AF700A95C25 /* Products */ = {
			isa = PBXGroup;
			children = (
				9A297FBA1D1799E80054D1AB /* AQFoundation.framework */,
				9A2980161D179A9E0054D1AB /* AQFoundationTests.xctest */,
				9A2981161D17FEF30054D1AB /* lib_build.a */,
			);
			name = Products;
			sourceTree = "<group>";
		};
		9AAC0EDB1D018DD7004CE032 /* AQFoundation */ = {
			isa = PBXGroup;
			children = (
				9A2980231D179EBC0054D1AB /* Info.plist */,
				9AAC0EDC1D018DD7004CE032 /* Resources */,
				9AAC0EDE1D018DD7004CE032 /* Sources */,
			);
			path = AQFoundation;
			sourceTree = "<group>";
		};
		9AAC0EDC1D018DD7004CE032 /* Resources */ = {
			isa = PBXGroup;
			children = (
				9A44C1C51D2DFDEA001A8D88 /* AQFoundation.bundle */,
			);
			path = Resources;
			sourceTree = "<group>";
		};
		9AAC0EDE1D018DD7004CE032 /* Sources */ = {
			isa = PBXGroup;
			children = (
				9AAC0EDF1D018DD7004CE032 /* cache */,
				9AAC0EE31D018DD7004CE032 /* collection */,
				9AAC0EEA1D018DD7004CE032 /* basic */,
				9AAC0EFE1D018DD7004CE032 /* httpclient */,
				9AAC0F011D018DD7004CE032 /* log */,
				9AAC0F031D018DD7004CE032 /* public */,
				9AAC0F351D018DD7004CE032 /* runtime */,
				9AAC0F3C1D018DD7004CE032 /* vendor */,
			);
			path = Sources;
			sourceTree = "<group>";
		};
		9AAC0EDF1D018DD7004CE032 /* cache */ = {
			isa = PBXGroup;
			children = (
				9AAC0EE01D018DD7004CE032 /* AQFileCache.m */,
				9AAC0EE11D018DD7004CE032 /* AQMemCache.m */,
				9AAC0EE21D018DD7004CE032 /* AQUserDefaults.m */,
			);
			path = cache;
			sourceTree = "<group>";
		};
		9AAC0EE31D018DD7004CE032 /* collection */ = {
			isa = PBXGroup;
			children = (
				9AAC0EE41D018DD7004CE032 /* AQMutableQueue.m */,
				9AAC0EE51D018DD7004CE032 /* AQMutableStack.m */,
				9AAC0EE61D018DD7004CE032 /* AQMutableTree.m */,
				9AAC0EE71D018DD7004CE032 /* AQSafeMutableArray.m */,
				9AAC0EE81D018DD7004CE032 /* AQSafeMutableDictionary.m */,
				9AAC0EE91D018DD7004CE032 /* AQSafeMutableSet.m */,
			);
			path = collection;
			sourceTree = "<group>";
		};
		9AAC0EEA1D018DD7004CE032 /* basic */ = {
			isa = PBXGroup;
			children = (
				9AAC0EEB1D018DD7004CE032 /* AQBase64.m */,
				9AAC0EEC1D018DD7004CE032 /* AQBundle.m */,
				9AAC0EED1D018DD7004CE032 /* AQClass.m */,
				9AAC0EEE1D018DD7004CE032 /* AQDate.m */,
				9AAC0EEF1D018DD7004CE032 /* AQDevice.m */,
				9AAC0EF01D018DD7004CE032 /* AQExtension.h */,
				9AAC0EF11D018DD7004CE032 /* AQExtension.m */,
				9AAC0EF21D018DD7004CE032 /* AQJSON.m */,
				9AAC0EF31D018DD7004CE032 /* AQNotification.h */,
				9AAC0EF41D018DD7004CE032 /* AQNotification.m */,
				9AAC0EF51D018DD7004CE032 /* AQNumber.m */,
				9AAC0EF61D018DD7004CE032 /* AQObject.m */,
				9AAC0EF71D018DD7004CE032 /* AQOpQueue.m */,
				9AAC0EF81D018DD7004CE032 /* AQRandom.m */,
				9AAC0EF91D018DD7004CE032 /* AQRSA.m */,
				9AAC0EFA1D018DD7004CE032 /* AQSandbox.m */,
				9AAC0EFB1D018DD7004CE032 /* AQString.m */,
				9AAC0EFC1D018DD7004CE032 /* AQThread.m */,
				9AAC0EFD1D018DD7004CE032 /* AQURL.m */,
			);
			path = basic;
			sourceTree = "<group>";
		};
		9AAC0EFE1D018DD7004CE032 /* httpclient */ = {
			isa = PBXGroup;
			children = (
				9AAC0EFF1D018DD7004CE032 /* AQHttpClient.m */,
				9AAC0F001D018DD7004CE032 /* AQHttpUtil.m */,
			);
			path = httpclient;
			sourceTree = "<group>";
		};
		9AAC0F011D018DD7004CE032 /* log */ = {
			isa = PBXGroup;
			children = (
				9AAC0F021D018DD7004CE032 /* AQLogger.m */,
			);
			path = log;
			sourceTree = "<group>";
		};
		9AAC0F031D018DD7004CE032 /* public */ = {
			isa = PBXGroup;
			children = (
				9AAC0F041D018DD7004CE032 /* bundle */,
				9AAC0F061D018DD7004CE032 /* cache */,
				9AAC0F0C1D018DD7004CE032 /* collection */,
				9AAC0F131D018DD7004CE032 /* basic */,
				9AAC0F251D018DD7004CE032 /* httpclient */,
				9AAC0F281D018DD7004CE032 /* log */,
				9AAC0F2B1D018DD7004CE032 /* runtime */,
				9AAC0F321D018DD7004CE032 /* vendor */,
			);
			path = public;
			sourceTree = "<group>";
		};
		9AAC0F041D018DD7004CE032 /* bundle */ = {
			isa = PBXGroup;
			children = (
				9AAC0F051D018DD7004CE032 /* AQFoundation.h */,
			);
			path = bundle;
			sourceTree = "<group>";
		};
		9AAC0F061D018DD7004CE032 /* cache */ = {
			isa = PBXGroup;
			children = (
				9AAC0F071D018DD7004CE032 /* AQCache.h */,
				9AAC0F081D018DD7004CE032 /* AQCacheProtocol.h */,
				9AAC0F091D018DD7004CE032 /* AQFileCache.h */,
				9AAC0F0A1D018DD7004CE032 /* AQMemCache.h */,
				9AAC0F0B1D018DD7004CE032 /* AQUserDefaults.h */,
			);
			path = cache;
			sourceTree = "<group>";
		};
		9AAC0F0C1D018DD7004CE032 /* collection */ = {
			isa = PBXGroup;
			children = (
				9AAC0F0D1D018DD7004CE032 /* AQMutableQueue.h */,
				9AAC0F0E1D018DD7004CE032 /* AQMutableStack.h */,
				9AAC0F0F1D018DD7004CE032 /* AQMutableTree.h */,
				9AAC0F101D018DD7004CE032 /* AQSafeMutableArray.h */,
				9AAC0F111D018DD7004CE032 /* AQSafeMutableDictionary.h */,
				9AAC0F121D018DD7004CE032 /* AQSafeMutableSet.h */,
			);
			path = collection;
			sourceTree = "<group>";
		};
		9AAC0F131D018DD7004CE032 /* basic */ = {
			isa = PBXGroup;
			children = (
				9AAC0F141D018DD7004CE032 /* AQBase64.h */,
				9AAC0F151D018DD7004CE032 /* AQBundle.h */,
				9AAC0F161D018DD7004CE032 /* AQClass.h */,
				9AAC0F171D018DD7004CE032 /* AQDate.h */,
				9AAC0F181D018DD7004CE032 /* AQDevice.h */,
				9AAC0F191D018DD7004CE032 /* AQJSON.h */,
				9AAC0F1A1D018DD7004CE032 /* AQNumber.h */,
				9AAC0F1B1D018DD7004CE032 /* AQObject.h */,
				9AAC0F1C1D018DD7004CE032 /* AQOperationQueue.h */,
				9AAC0F1E1D018DD7004CE032 /* AQRandom.h */,
				9AAC0F1F1D018DD7004CE032 /* AQRSA.h */,
				9AAC0F201D018DD7004CE032 /* AQSandbox.h */,
				9AAC0F211D018DD7004CE032 /* AQSingleton.h */,
				9AAC0F221D018DD7004CE032 /* AQString.h */,
				9AAC0F231D018DD7004CE032 /* AQThread.h */,
				9AAC0F241D018DD7004CE032 /* AQURL.h */,
			);
			path = basic;
			sourceTree = "<group>";
		};
		9AAC0F251D018DD7004CE032 /* httpclient */ = {
			isa = PBXGroup;
			children = (
				9AAC0F261D018DD7004CE032 /* AQHttpClient.h */,
				9AAC0F271D018DD7004CE032 /* AQHttpUtil.h */,
			);
			path = httpclient;
			sourceTree = "<group>";
		};
		9AAC0F281D018DD7004CE032 /* log */ = {
			isa = PBXGroup;
			children = (
				9AAC0F291D018DD7004CE032 /* AQCompile.h */,
				9AAC0F2A1D018DD7004CE032 /* AQLogger.h */,
			);
			path = log;
			sourceTree = "<group>";
		};
		9AAC0F2B1D018DD7004CE032 /* runtime */ = {
			isa = PBXGroup;
			children = (
				9AAC0F2C1D018DD7004CE032 /* AQRTClass.h */,
				9AAC0F2D1D018DD7004CE032 /* AQRTIvar.h */,
				9AAC0F2E1D018DD7004CE032 /* AQRTMethod.h */,
				9AAC0F2F1D018DD7004CE032 /* AQRTProperty.h */,
				9AAC0F301D018DD7004CE032 /* AQRTProtocol.h */,
				9AAC0F311D018DD7004CE032 /* AQRuntime.h */,
			);
			path = runtime;
			sourceTree = "<group>";
		};
		9AAC0F321D018DD7004CE032 /* vendor */ = {
			isa = PBXGroup;
			children = (
				9AAC0F331D018DD7004CE032 /* MBProgressHUD.h */,
				9AAC0F341D018DD7004CE032 /* Reachability.h */,
			);
			path = vendor;
			sourceTree = "<group>";
		};
		9AAC0F351D018DD7004CE032 /* runtime */ = {
			isa = PBXGroup;
			children = (
				9AAC0F361D018DD7004CE032 /* AQRTClass.m */,
				9AAC0F371D018DD7004CE032 /* AQRTIvar.m */,
				9AAC0F381D018DD7004CE032 /* AQRTMethod.m */,
				9AAC0F391D018DD7004CE032 /* AQRTProperty.m */,
				9AAC0F3A1D018DD7004CE032 /* AQRTProtocol.m */,
				9AAC0F3B1D018DD7004CE032 /* AQRuntime.m */,
			);
			path = runtime;
			sourceTree = "<group>";
		};
		9AAC0F3C1D018DD7004CE032 /* vendor */ = {
			isa = PBXGroup;
			children = (
				9AAC0F3D1D018DD7004CE032 /* hud */,
				9AAC0F3F1D018DD7004CE032 /* reachability */,
			);
			path = vendor;
			sourceTree = "<group>";
		};
		9AAC0F3D1D018DD7004CE032 /* hud */ = {
			isa = PBXGroup;
			children = (
				9AAC0F3E1D018DD7004CE032 /* MBProgressHUD.m */,
			);
			path = hud;
			sourceTree = "<group>";
		};
		9AAC0F3F1D018DD7004CE032 /* reachability */ = {
			isa = PBXGroup;
			children = (
				9AAC0F401D018DD7004CE032 /* Reachability.m */,
			);
			path = reachability;
			sourceTree = "<group>";
		};
/* End PBXGroup section */

/* Begin PBXHeadersBuildPhase section */
		9A297FB71D1799E80054D1AB /* Headers */ = {
			isa = PBXHeadersBuildPhase;
			buildActionMask = 2147483647;
			files = (
				9A297FE71D179A320054D1AB /* AQExtension.h in Headers */,
				9A297FE81D179A320054D1AB /* AQNotification.h in Headers */,
				9A297FE91D179A320054D1AB /* AQFoundation.h in Headers */,
				9A297FEA1D179A320054D1AB /* AQCache.h in Headers */,
				9A297FEB1D179A320054D1AB /* AQCacheProtocol.h in Headers */,
				9A297FEC1D179A320054D1AB /* AQFileCache.h in Headers */,
				9A297FED1D179A320054D1AB /* AQMemCache.h in Headers */,
				9A297FEE1D179A320054D1AB /* AQUserDefaults.h in Headers */,
				9A297FEF1D179A320054D1AB /* AQMutableQueue.h in Headers */,
				9A297FF01D179A320054D1AB /* AQMutableStack.h in Headers */,
				9A297FF11D179A320054D1AB /* AQMutableTree.h in Headers */,
				9A297FF21D179A320054D1AB /* AQSafeMutableArray.h in Headers */,
				9A297FF31D179A320054D1AB /* AQSafeMutableDictionary.h in Headers */,
				9A297FF41D179A320054D1AB /* AQSafeMutableSet.h in Headers */,
				9A297FF51D179A320054D1AB /* AQBase64.h in Headers */,
				9A297FF61D179A320054D1AB /* AQBundle.h in Headers */,
				9A297FF71D179A320054D1AB /* AQClass.h in Headers */,
				9A297FF81D179A320054D1AB /* AQDate.h in Headers */,
				9A297FF91D179A320054D1AB /* AQDevice.h in Headers */,
				9A297FFA1D179A320054D1AB /* AQJSON.h in Headers */,
				9A297FFB1D179A320054D1AB /* AQNumber.h in Headers */,
				9A297FFC1D179A320054D1AB /* AQObject.h in Headers */,
				9A297FFD1D179A320054D1AB /* AQOperationQueue.h in Headers */,
				9A297FFF1D179A320054D1AB /* AQRandom.h in Headers */,
				9A2980001D179A320054D1AB /* AQRSA.h in Headers */,
				9A2980011D179A320054D1AB /* AQSandbox.h in Headers */,
				9A2980021D179A320054D1AB /* AQSingleton.h in Headers */,
				9A2980031D179A320054D1AB /* AQString.h in Headers */,
				9A2980041D179A320054D1AB /* AQThread.h in Headers */,
				9A2980051D179A320054D1AB /* AQURL.h in Headers */,
				9A2980061D179A320054D1AB /* AQHttpClient.h in Headers */,
				9A2980071D179A320054D1AB /* AQHttpUtil.h in Headers */,
				9A2980081D179A320054D1AB /* AQCompile.h in Headers */,
				9A2980091D179A320054D1AB /* AQLogger.h in Headers */,
				9A29800A1D179A320054D1AB /* AQRTClass.h in Headers */,
				9A29800B1D179A320054D1AB /* AQRTIvar.h in Headers */,
				9A29800C1D179A320054D1AB /* AQRTMethod.h in Headers */,
				9A29800D1D179A320054D1AB /* AQRTProperty.h in Headers */,
				9A29800E1D179A320054D1AB /* AQRTProtocol.h in Headers */,
				9A29800F1D179A320054D1AB /* AQRuntime.h in Headers */,
				9A2980101D179A320054D1AB /* MBProgressHUD.h in Headers */,
				9A2980111D179A320054D1AB /* Reachability.h in Headers */,
			);
			runOnlyForDeploymentPostprocessing = 0;
		};
/* End PBXHeadersBuildPhase section */

/* Begin PBXNativeTarget section */
		9A297FB91D1799E80054D1AB /* AQFoundation */ = {
			isa = PBXNativeTarget;
			buildConfigurationList = 9A297FBF1D1799E80054D1AB /* Build configuration list for PBXNativeTarget "AQFoundation" */;
			buildPhases = (
				79C2DEB758D5E7847FF98CCF /* [CP] Check Pods Manifest.lock */,
				9A297FB51D1799E80054D1AB /* Sources */,
				9A297FB61D1799E80054D1AB /* Frameworks */,
				9A297FB71D1799E80054D1AB /* Headers */,
				9A297FB81D1799E80054D1AB /* Resources */,
			);
			buildRules = (
			);
			dependencies = (
			);
			name = AQFoundation;
			productName = AQFoundation;
			productReference = 9A297FBA1D1799E80054D1AB /* AQFoundation.framework */;
			productType = "com.apple.product-type.framework";
		};
		9A2980151D179A9E0054D1AB /* AQFoundationTests */ = {
			isa = PBXNativeTarget;
			buildConfigurationList = 9A29801E1D179A9E0054D1AB /* Build configuration list for PBXNativeTarget "AQFoundationTests" */;
			buildPhases = (
				1DA720ED9534A6808C26B266 /* [CP] Check Pods Manifest.lock */,
				9A2980121D179A9E0054D1AB /* Sources */,
				9A2980131D179A9E0054D1AB /* Frameworks */,
				9A2980141D179A9E0054D1AB /* Resources */,
			);
			buildRules = (
			);
			dependencies = (
				9A29801D1D179A9E0054D1AB /* PBXTargetDependency */,
			);
			name = AQFoundationTests;
			productName = AQFoundationTests;
			productReference = 9A2980161D179A9E0054D1AB /* AQFoundationTests.xctest */;
			productType = "com.apple.product-type.bundle.unit-test";
		};
		9A2981151D17FEF30054D1AB /* _build */ = {
			isa = PBXNativeTarget;
			buildConfigurationList = 9A29811C1D17FEF30054D1AB /* Build configuration list for PBXNativeTarget "_build" */;
			buildPhases = (
				9A2981121D17FEF30054D1AB /* Sources */,
				9A2981131D17FEF30054D1AB /* Frameworks */,
				9A2981141D17FEF30054D1AB /* CopyFiles */,
				9A29811F1D17FEFD0054D1AB /* Run Script */,
			);
			buildRules = (
			);
			dependencies = (
			);
			name = _build;
			productName = Runscript;
			productReference = 9A2981161D17FEF30054D1AB /* lib_build.a */;
			productType = "com.apple.product-type.library.static";
		};
/* End PBXNativeTarget section */

/* Begin PBXProject section */
		9A2FF1181BDA1AF700A95C25 /* Project object */ = {
			isa = PBXProject;
			attributes = {
				LastUpgradeCheck = 1320;
				ORGANIZATIONNAME = aqnote;
				TargetAttributes = {
					9A297FB91D1799E80054D1AB = {
						CreatedOnToolsVersion = 7.3.1;
						DevelopmentTeam = WE5AVK72GR;
					};
					9A2980151D179A9E0054D1AB = {
						CreatedOnToolsVersion = 7.3.1;
					};
					9A2981151D17FEF30054D1AB = {
						CreatedOnToolsVersion = 7.3.1;
						DevelopmentTeam = SPJA6W74V3;
					};
				};
			};
			buildConfigurationList = 9A2FF11B1BDA1AF700A95C25 /* Build configuration list for PBXProject "AQFoundation" */;
			compatibilityVersion = "Xcode 13.0";
			developmentRegion = en;
			hasScannedForEncodings = 0;
			knownRegions = (
				en,
				Base,
			);
			mainGroup = 9A2FF1171BDA1AF700A95C25;
			productRefGroup = 9A2FF1221BDA1AF700A95C25 /* Products */;
			projectDirPath = "";
			projectRoot = "";
			targets = (
				9A297FB91D1799E80054D1AB /* AQFoundation */,
				9A2980151D179A9E0054D1AB /* AQFoundationTests */,
				9A2981151D17FEF30054D1AB /* _build */,
			);
		};
/* End PBXProject section */

/* Begin PBXResourcesBuildPhase section */
		9A297FB81D1799E80054D1AB /* Resources */ = {
			isa = PBXResourcesBuildPhase;
			buildActionMask = 2147483647;
			files = (
				9A44C1C61D2DFDEA001A8D88 /* AQFoundation.bundle in Resources */,
			);
			runOnlyForDeploymentPostprocessing = 0;
		};
		9A2980141D179A9E0054D1AB /* Resources */ = {
			isa = PBXResourcesBuildPhase;
			buildActionMask = 2147483647;
			files = (
			);
			runOnlyForDeploymentPostprocessing = 0;
		};
/* End PBXResourcesBuildPhase section */

/* Begin PBXShellScriptBuildPhase section */
		1DA720ED9534A6808C26B266 /* [CP] Check Pods Manifest.lock */ = {
			isa = PBXShellScriptBuildPhase;
			buildActionMask = 2147483647;
			files = (
			);
			inputPaths = (
				"${PODS_PODFILE_DIR_PATH}/Podfile.lock",
				"${PODS_ROOT}/Manifest.lock",
			);
			name = "[CP] Check Pods Manifest.lock";
			outputPaths = (
				"$(DERIVED_FILE_DIR)/Pods-AQFoundationTests-checkManifestLockResult.txt",
			);
			runOnlyForDeploymentPostprocessing = 0;
			shellPath = /bin/sh;
			shellScript = "diff \"${PODS_PODFILE_DIR_PATH}/Podfile.lock\" \"${PODS_ROOT}/Manifest.lock\" > /dev/null\nif [ $? != 0 ] ; then\n    # print error to STDERR\n    echo \"error: The sandbox is not in sync with the Podfile.lock. Run 'pod install' or update your CocoaPods installation.\" >&2\n    exit 1\nfi\n# This output is used by Xcode 'outputs' to avoid re-running this script phase.\necho \"SUCCESS\" > \"${SCRIPT_OUTPUT_FILE_0}\"\n";
			showEnvVarsInLog = 0;
		};
		79C2DEB758D5E7847FF98CCF /* [CP] Check Pods Manifest.lock */ = {
			isa = PBXShellScriptBuildPhase;
			buildActionMask = 2147483647;
			files = (
			);
			inputPaths = (
				"${PODS_PODFILE_DIR_PATH}/Podfile.lock",
				"${PODS_ROOT}/Manifest.lock",
			);
			name = "[CP] Check Pods Manifest.lock";
			outputPaths = (
				"$(DERIVED_FILE_DIR)/Pods-AQFoundation-checkManifestLockResult.txt",
			);
			runOnlyForDeploymentPostprocessing = 0;
			shellPath = /bin/sh;
			shellScript = "diff \"${PODS_PODFILE_DIR_PATH}/Podfile.lock\" \"${PODS_ROOT}/Manifest.lock\" > /dev/null\nif [ $? != 0 ] ; then\n    # print error to STDERR\n    echo \"error: The sandbox is not in sync with the Podfile.lock. Run 'pod install' or update your CocoaPods installation.\" >&2\n    exit 1\nfi\n# This output is used by Xcode 'outputs' to avoid re-running this script phase.\necho \"SUCCESS\" > \"${SCRIPT_OUTPUT_FILE_0}\"\n";
			showEnvVarsInLog = 0;
		};
		9A29811F1D17FEFD0054D1AB /* Run Script */ = {
			isa = PBXShellScriptBuildPhase;
			buildActionMask = 2147483647;
			files = (
			);
			inputPaths = (
			);
			name = "Run Script";
			outputPaths = (
			);
			runOnlyForDeploymentPostprocessing = 0;
			shellPath = /bin/bash;
			shellScript = "sh shell/build_4_arch.sh";
		};
/* End PBXShellScriptBuildPhase section */

/* Begin PBXSourcesBuildPhase section */
		9A297FB51D1799E80054D1AB /* Sources */ = {
			isa = PBXSourcesBuildPhase;
			buildActionMask = 2147483647;
			files = (
				9A297FC21D179A1F0054D1AB /* AQFileCache.m in Sources */,
				9A297FC31D179A1F0054D1AB /* AQMemCache.m in Sources */,
				9A297FC41D179A1F0054D1AB /* AQUserDefaults.m in Sources */,
				9A297FC51D179A1F0054D1AB /* AQMutableQueue.m in Sources */,
				9A297FC61D179A1F0054D1AB /* AQMutableStack.m in Sources */,
				9A297FC71D179A1F0054D1AB /* AQMutableTree.m in Sources */,
				9A297FC81D179A1F0054D1AB /* AQSafeMutableArray.m in Sources */,
				9A297FC91D179A1F0054D1AB /* AQSafeMutableDictionary.m in Sources */,
				9A297FCA1D179A1F0054D1AB /* AQSafeMutableSet.m in Sources */,
				9A297FCB1D179A1F0054D1AB /* AQBase64.m in Sources */,
				9A297FCC1D179A1F0054D1AB /* AQBundle.m in Sources */,
				9A297FCD1D179A1F0054D1AB /* AQClass.m in Sources */,
				9A297FCE1D179A1F0054D1AB /* AQDate.m in Sources */,
				9A297FCF1D179A1F0054D1AB /* AQDevice.m in Sources */,
				9A297FD01D179A1F0054D1AB /* AQExtension.m in Sources */,
				9A297FD11D179A1F0054D1AB /* AQJSON.m in Sources */,
				9A297FD21D179A1F0054D1AB /* AQNotification.m in Sources */,
				9A297FD31D179A1F0054D1AB /* AQNumber.m in Sources */,
				9A297FD41D179A1F0054D1AB /* AQObject.m in Sources */,
				9A297FD51D179A1F0054D1AB /* AQOpQueue.m in Sources */,
				9A297FD61D179A1F0054D1AB /* AQRandom.m in Sources */,
				9A297FD71D179A1F0054D1AB /* AQRSA.m in Sources */,
				9A297FD81D179A1F0054D1AB /* AQSandbox.m in Sources */,
				9A297FD91D179A1F0054D1AB /* AQString.m in Sources */,
				9A297FDA1D179A1F0054D1AB /* AQThread.m in Sources */,
				9A297FDB1D179A1F0054D1AB /* AQURL.m in Sources */,
				9A297FDC1D179A1F0054D1AB /* AQHttpClient.m in Sources */,
				9A297FDD1D179A1F0054D1AB /* AQHttpUtil.m in Sources */,
				9A297FDE1D179A1F0054D1AB /* AQLogger.m in Sources */,
				9A297FDF1D179A1F0054D1AB /* AQRTClass.m in Sources */,
				9A297FE01D179A1F0054D1AB /* AQRTIvar.m in Sources */,
				9A297FE11D179A1F0054D1AB /* AQRTMethod.m in Sources */,
				9A297FE21D179A1F0054D1AB /* AQRTProperty.m in Sources */,
				9A297FE31D179A1F0054D1AB /* AQRTProtocol.m in Sources */,
				9A297FE41D179A1F0054D1AB /* AQRuntime.m in Sources */,
				9A297FE51D179A1F0054D1AB /* MBProgressHUD.m in Sources */,
				9A297FE61D179A1F0054D1AB /* Reachability.m in Sources */,
			);
			runOnlyForDeploymentPostprocessing = 0;
		};
		9A2980121D179A9E0054D1AB /* Sources */ = {
			isa = PBXSourcesBuildPhase;
			buildActionMask = 2147483647;
			files = (
				9A235C191D2A327B00CEF560 /* LockMain.m in Sources */,
				9A2980191D179A9E0054D1AB /* AQFoundationTests.m in Sources */,
				9A3402891D3729CB00D38461 /* NSThreadTests.m in Sources */,
			);
			runOnlyForDeploymentPostprocessing = 0;
		};
		9A2981121D17FEF30054D1AB /* Sources */ = {
			isa = PBXSourcesBuildPhase;
			buildActionMask = 2147483647;
			files = (
				088A9D401FCFAC3500544325 /* _build.m in Sources */,
			);
			runOnlyForDeploymentPostprocessing = 0;
		};
/* End PBXSourcesBuildPhase section */

/* Begin PBXTargetDependency section */
		9A29801D1D179A9E0054D1AB /* PBXTargetDependency */ = {
			isa = PBXTargetDependency;
			target = 9A297FB91D1799E80054D1AB /* AQFoundation */;
			targetProxy = 9A29801C1D179A9E0054D1AB /* PBXContainerItemProxy */;
		};
/* End PBXTargetDependency section */

/* Begin XCBuildConfiguration section */
		9A297FC01D1799E80054D1AB /* Debug */ = {
			isa = XCBuildConfiguration;
			baseConfigurationReference = 7E01C9B59602AD599E51CD01 /* Pods-AQFoundation.debug.xcconfig */;
			buildSettings = {
				APPLY_RULES_IN_COPY_FILES = NO;
				CLANG_ANALYZER_NONNULL = YES;
				CLANG_ENABLE_OBJC_WEAK = NO;
				"CODE_SIGN_IDENTITY[sdk=iphoneos*]" = "";
				CURRENT_PROJECT_VERSION = 2;
				DEFINES_MODULE = YES;
				DYLIB_COMPATIBILITY_VERSION = 1;
				DYLIB_CURRENT_VERSION = 1;
				DYLIB_INSTALL_NAME_BASE = "@rpath";
				FRAMEWORK_VERSION = A;
				INFOPLIST_FILE = AQFoundation/Info.plist;
				INSTALL_PATH = "$(LOCAL_LIBRARY_DIR)/Frameworks";
				LD_RUNPATH_SEARCH_PATHS = (
					"$(inherited)",
					"@executable_path/Frameworks",
					"@loader_path/Frameworks",
				);
				MARKETING_VERSION = 1.1.0;
				PRODUCT_BUNDLE_IDENTIFIER = com.aqnote.AQFoundation;
				PRODUCT_NAME = "$(TARGET_NAME)";
				PUBLIC_HEADERS_FOLDER_PATH = "$(CONTENTS_FOLDER_PATH)/Headers";
				SKIP_INSTALL = YES;
			};
			name = Debug;
		};
		9A297FC11D1799E80054D1AB /* Release */ = {
			isa = XCBuildConfiguration;
			baseConfigurationReference = F6239157CAA9B728F2A05F03 /* Pods-AQFoundation.release.xcconfig */;
			buildSettings = {
				APPLY_RULES_IN_COPY_FILES = NO;
				CLANG_ANALYZER_NONNULL = YES;
				CLANG_ENABLE_OBJC_WEAK = NO;
				"CODE_SIGN_IDENTITY[sdk=iphoneos*]" = "";
				CURRENT_PROJECT_VERSION = 2;
				DEFINES_MODULE = YES;
				DYLIB_COMPATIBILITY_VERSION = 1;
				DYLIB_CURRENT_VERSION = 1;
				DYLIB_INSTALL_NAME_BASE = "@rpath";
				FRAMEWORK_VERSION = A;
				INFOPLIST_FILE = AQFoundation/Info.plist;
				INSTALL_PATH = "$(LOCAL_LIBRARY_DIR)/Frameworks";
				LD_RUNPATH_SEARCH_PATHS = (
					"$(inherited)",
					"@executable_path/Frameworks",
					"@loader_path/Frameworks",
				);
				MARKETING_VERSION = 1.1.0;
				PRODUCT_BUNDLE_IDENTIFIER = com.aqnote.AQFoundation;
				PRODUCT_NAME = "$(TARGET_NAME)";
				PUBLIC_HEADERS_FOLDER_PATH = "$(CONTENTS_FOLDER_PATH)/Headers";
				SKIP_INSTALL = YES;
			};
			name = Release;
		};
		9A29801F1D179A9E0054D1AB /* Debug */ = {
			isa = XCBuildConfiguration;
			baseConfigurationReference = FD8245B3C7AAC8F7C990EDEC /* Pods-AQFoundationTests.debug.xcconfig */;
			buildSettings = {
				CLANG_ANALYZER_NONNULL = YES;
				DEVELOPMENT_TEAM = WBAPS9YTKQ;
				INFOPLIST_FILE = AQFoundationTests/Info.plist;
				LD_RUNPATH_SEARCH_PATHS = (
					"$(inherited)",
					"@executable_path/Frameworks",
					"@loader_path/Frameworks",
				);
				PRODUCT_BUNDLE_IDENTIFIER = com.aqnote.AQFoundationTests;
				PRODUCT_NAME = "$(TARGET_NAME)";
			};
			name = Debug;
		};
		9A2980201D179A9E0054D1AB /* Release */ = {
			isa = XCBuildConfiguration;
			baseConfigurationReference = 72CB975379A104EB89C4D231 /* Pods-AQFoundationTests.release.xcconfig */;
			buildSettings = {
				CLANG_ANALYZER_NONNULL = YES;
				DEVELOPMENT_TEAM = WBAPS9YTKQ;
				INFOPLIST_FILE = AQFoundationTests/Info.plist;
				LD_RUNPATH_SEARCH_PATHS = (
					"$(inherited)",
					"@executable_path/Frameworks",
					"@loader_path/Frameworks",
				);
				PRODUCT_BUNDLE_IDENTIFIER = com.aqnote.AQFoundationTests;
				PRODUCT_NAME = "$(TARGET_NAME)";
			};
			name = Release;
		};
		9A29811D1D17FEF30054D1AB /* Debug */ = {
			isa = XCBuildConfiguration;
			buildSettings = {
				CLANG_ANALYZER_NONNULL = YES;
				OTHER_LDFLAGS = "-ObjC";
				PRODUCT_NAME = "$(TARGET_NAME)";
				SKIP_INSTALL = YES;
			};
			name = Debug;
		};
		9A29811E1D17FEF30054D1AB /* Release */ = {
			isa = XCBuildConfiguration;
			buildSettings = {
				CLANG_ANALYZER_NONNULL = YES;
				OTHER_LDFLAGS = "-ObjC";
				PRODUCT_NAME = "$(TARGET_NAME)";
				SKIP_INSTALL = YES;
			};
			name = Release;
		};
		9A2FF1331BDA1AF800A95C25 /* Debug */ = {
			isa = XCBuildConfiguration;
			buildSettings = {
				ALWAYS_SEARCH_USER_PATHS = NO;
				CLANG_ANALYZER_LOCALIZABILITY_NONLOCALIZED = YES;
				CLANG_CXX_LANGUAGE_STANDARD = "gnu++0x";
				CLANG_CXX_LIBRARY = "libc++";
				CLANG_ENABLE_MODULES = YES;
				CLANG_ENABLE_OBJC_ARC = YES;
				CLANG_WARN_BLOCK_CAPTURE_AUTORELEASING = YES;
				CLANG_WARN_BOOL_CONVERSION = YES;
				CLANG_WARN_COMMA = YES;
				CLANG_WARN_CONSTANT_CONVERSION = YES;
				CLANG_WARN_DEPRECATED_OBJC_IMPLEMENTATIONS = YES;
				CLANG_WARN_DIRECT_OBJC_ISA_USAGE = YES_ERROR;
				CLANG_WARN_EMPTY_BODY = YES;
				CLANG_WARN_ENUM_CONVERSION = YES;
				CLANG_WARN_INFINITE_RECURSION = YES;
				CLANG_WARN_INT_CONVERSION = YES;
				CLANG_WARN_NON_LITERAL_NULL_CONVERSION = YES;
				CLANG_WARN_OBJC_IMPLICIT_RETAIN_SELF = YES;
				CLANG_WARN_OBJC_LITERAL_CONVERSION = YES;
				CLANG_WARN_OBJC_ROOT_CLASS = YES_ERROR;
				CLANG_WARN_QUOTED_INCLUDE_IN_FRAMEWORK_HEADER = YES;
				CLANG_WARN_RANGE_LOOP_ANALYSIS = YES;
				CLANG_WARN_STRICT_PROTOTYPES = YES;
				CLANG_WARN_SUSPICIOUS_MOVE = YES;
				CLANG_WARN_UNREACHABLE_CODE = YES;
				CLANG_WARN__DUPLICATE_METHOD_MATCH = YES;
				"CODE_SIGN_IDENTITY[sdk=iphoneos*]" = "iPhone Developer";
				COPY_PHASE_STRIP = NO;
				CURRENT_PROJECT_VERSION = 1;
				DEBUG_INFORMATION_FORMAT = dwarf;
				ENABLE_STRICT_OBJC_MSGSEND = YES;
				ENABLE_TESTABILITY = YES;
				GCC_C_LANGUAGE_STANDARD = gnu99;
				GCC_DYNAMIC_NO_PIC = NO;
				GCC_NO_COMMON_BLOCKS = YES;
				GCC_OPTIMIZATION_LEVEL = 0;
				GCC_PREPROCESSOR_DEFINITIONS = (
					"DEBUG=1",
					"$(inherited)",
				);
				GCC_WARN_64_TO_32_BIT_CONVERSION = YES;
				GCC_WARN_ABOUT_RETURN_TYPE = YES_ERROR;
				GCC_WARN_UNDECLARED_SELECTOR = YES;
				GCC_WARN_UNINITIALIZED_AUTOS = YES_AGGRESSIVE;
				GCC_WARN_UNUSED_FUNCTION = YES;
				GCC_WARN_UNUSED_VARIABLE = YES;
				IPHONEOS_DEPLOYMENT_TARGET = 15.2;
				MTL_ENABLE_DEBUG_INFO = YES;
				ONLY_ACTIVE_ARCH = YES;
				SDKROOT = iphoneos;
				TARGETED_DEVICE_FAMILY = "1,2";
				VERSIONING_SYSTEM = "apple-generic";
				VERSION_INFO_PREFIX = "";
			};
			name = Debug;
		};
		9A2FF1341BDA1AF800A95C25 /* Release */ = {
			isa = XCBuildConfiguration;
			buildSettings = {
				ALWAYS_SEARCH_USER_PATHS = NO;
				CLANG_ANALYZER_LOCALIZABILITY_NONLOCALIZED = YES;
				CLANG_CXX_LANGUAGE_STANDARD = "gnu++0x";
				CLANG_CXX_LIBRARY = "libc++";
				CLANG_ENABLE_MODULES = YES;
				CLANG_ENABLE_OBJC_ARC = YES;
				CLANG_WARN_BLOCK_CAPTURE_AUTORELEASING = YES;
				CLANG_WARN_BOOL_CONVERSION = YES;
				CLANG_WARN_COMMA = YES;
				CLANG_WARN_CONSTANT_CONVERSION = YES;
				CLANG_WARN_DEPRECATED_OBJC_IMPLEMENTATIONS = YES;
				CLANG_WARN_DIRECT_OBJC_ISA_USAGE = YES_ERROR;
				CLANG_WARN_EMPTY_BODY = YES;
				CLANG_WARN_ENUM_CONVERSION = YES;
				CLANG_WARN_INFINITE_RECURSION = YES;
				CLANG_WARN_INT_CONVERSION = YES;
				CLANG_WARN_NON_LITERAL_NULL_CONVERSION = YES;
				CLANG_WARN_OBJC_IMPLICIT_RETAIN_SELF = YES;
				CLANG_WARN_OBJC_LITERAL_CONVERSION = YES;
				CLANG_WARN_OBJC_ROOT_CLASS = YES_ERROR;
				CLANG_WARN_QUOTED_INCLUDE_IN_FRAMEWORK_HEADER = YES;
				CLANG_WARN_RANGE_LOOP_ANALYSIS = YES;
				CLANG_WARN_STRICT_PROTOTYPES = YES;
				CLANG_WARN_SUSPICIOUS_MOVE = YES;
				CLANG_WARN_UNREACHABLE_CODE = YES;
				CLANG_WARN__DUPLICATE_METHOD_MATCH = YES;
				"CODE_SIGN_IDENTITY[sdk=iphoneos*]" = "iPhone Developer";
				COPY_PHASE_STRIP = NO;
				CURRENT_PROJECT_VERSION = 1;
				DEBUG_INFORMATION_FORMAT = "dwarf-with-dsym";
				ENABLE_NS_ASSERTIONS = NO;
				ENABLE_STRICT_OBJC_MSGSEND = YES;
				GCC_C_LANGUAGE_STANDARD = gnu99;
				GCC_NO_COMMON_BLOCKS = YES;
				GCC_WARN_64_TO_32_BIT_CONVERSION = YES;
				GCC_WARN_ABOUT_RETURN_TYPE = YES_ERROR;
				GCC_WARN_UNDECLARED_SELECTOR = YES;
				GCC_WARN_UNINITIALIZED_AUTOS = YES_AGGRESSIVE;
				GCC_WARN_UNUSED_FUNCTION = YES;
				GCC_WARN_UNUSED_VARIABLE = YES;
				IPHONEOS_DEPLOYMENT_TARGET = 15.2;
				MTL_ENABLE_DEBUG_INFO = NO;
				ONLY_ACTIVE_ARCH = NO;
				SDKROOT = iphoneos;
				TARGETED_DEVICE_FAMILY = "1,2";
				VALIDATE_PRODUCT = YES;
				VERSIONING_SYSTEM = "apple-generic";
				VERSION_INFO_PREFIX = "";
			};
			name = Release;
		};
/* End XCBuildConfiguration section */

/* Begin XCConfigurationList section */
		9A297FBF1D1799E80054D1AB /* Build configuration list for PBXNativeTarget "AQFoundation" */ = {
			isa = XCConfigurationList;
			buildConfigurations = (
				9A297FC01D1799E80054D1AB /* Debug */,
				9A297FC11D1799E80054D1AB /* Release */,
			);
			defaultConfigurationIsVisible = 0;
			defaultConfigurationName = Release;
		};
		9A29801E1D179A9E0054D1AB /* Build configuration list for PBXNativeTarget "AQFoundationTests" */ = {
			isa = XCConfigurationList;
			buildConfigurations = (
				9A29801F1D179A9E0054D1AB /* Debug */,
				9A2980201D179A9E0054D1AB /* Release */,
			);
			defaultConfigurationIsVisible = 0;
			defaultConfigurationName = Release;
		};
		9A29811C1D17FEF30054D1AB /* Build configuration list for PBXNativeTarget "_build" */ = {
			isa = XCConfigurationList;
			buildConfigurations = (
				9A29811D1D17FEF30054D1AB /* Debug */,
				9A29811E1D17FEF30054D1AB /* Release */,
			);
			defaultConfigurationIsVisible = 0;
			defaultConfigurationName = Release;
		};
		9A2FF11B1BDA1AF700A95C25 /* Build configuration list for PBXProject "AQFoundation" */ = {
			isa = XCConfigurationList;
			buildConfigurations = (
				9A2FF1331BDA1AF800A95C25 /* Debug */,
				9A2FF1341BDA1AF800A95C25 /* Release */,
			);
			defaultConfigurationIsVisible = 0;
			defaultConfigurationName = Release;
		};
/* End XCConfigurationList section */
	};
	rootObject = 9A2FF1181BDA1AF700A95C25 /* Project object */;
}
